
Microsoft Visual Studio Solution File, Format Version 12.00
# Visual Studio Version 17
VisualStudioVersion = 17.10.35122.118
MinimumVisualStudioVersion = 10.0.40219.1
Project("{FAE04EC0-301F-11D3-BF4B-00C04F79EFBC}") = "Application.Web", "Application.Web\Application.Web.csproj", "{56AD99E0-7C01-4A3B-A0C1-1933CA789D65}"
EndProject
Project("{FAE04EC0-301F-11D3-BF4B-00C04F79EFBC}") = "Application.Authentication", "Application.Authentication\Application.Authentication.csproj", "{CDA2EF26-D002-487C-9896-9CE37552D737}"
EndProject
Global
	GlobalSection(SolutionConfigurationPlatforms) = preSolution
		Debug|Any CPU = Debug|Any CPU
		Release|Any CPU = Release|Any CPU
	EndGlobalSection
	GlobalSection(ProjectConfigurationPlatforms) = postSolution
		{56AD99E0-7C01-4A3B-A0C1-1933CA789D65}.Debug|Any CPU.ActiveCfg = Debug|Any CPU
		{56AD99E0-7C01-4A3B-A0C1-1933CA789D65}.Debug|Any CPU.Build.0 = Debug|Any CPU
		{56AD99E0-7C01-4A3B-A0C1-1933CA789D65}.Release|Any CPU.ActiveCfg = Release|Any CPU
		{56AD99E0-7C01-4A3B-A0C1-1933CA789D65}.Release|Any CPU.Build.0 = Release|Any CPU
		{CDA2EF26-D002-487C-9896-9CE37552D737}.Debug|Any CPU.ActiveCfg = Debug|Any CPU
		{CDA2EF26-D002-487C-9896-9CE37552D737}.Debug|Any CPU.Build.0 = Debug|Any CPU
		{CDA2EF26-D002-487C-9896-9CE37552D737}.Release|Any CPU.ActiveCfg = Release|Any CPU
		{CDA2EF26-D002-487C-9896-9CE37552D737}.Release|Any CPU.Build.0 = Release|Any CPU
	EndGlobalSection
	GlobalSection(SolutionProperties) = preSolution
		HideSolutionNode = FALSE
	EndGlobalSection
	GlobalSection(ExtensibilityGlobals) = postSolution
		SolutionGuid = {43AB707F-415E-4C04-9C47-7C5C0C29384E}
	EndGlobalSection
EndGlobal
